// !$*UTF8*$!
{
	archiveVersion = 1;
	classes = {
	};
	objectVersion = 46;
	objects = {

/* Begin PBXBuildFile section */
		250680801A7AC0ED00588C61 /* main.m in Sources */ = {isa = PBXBuildFile; fileRef = 2506807F1A7AC0ED00588C61 /* main.m */; };
		250680831A7AC0ED00588C61 /* AppDelegate.m in Sources */ = {isa = PBXBuildFile; fileRef = 250680821A7AC0ED00588C61 /* AppDelegate.m */; };
		250680861A7AC0ED00588C61 /* Jam01.xcdatamodeld in Sources */ = {isa = PBXBuildFile; fileRef = 250680841A7AC0ED00588C61 /* Jam01.xcdatamodeld */; };
		250680891A7AC0ED00588C61 /* ViewController.m in Sources */ = {isa = PBXBuildFile; fileRef = 250680881A7AC0ED00588C61 /* ViewController.m */; };
		2506808C1A7AC0ED00588C61 /* Main.storyboard in Resources */ = {isa = PBXBuildFile; fileRef = 2506808A1A7AC0ED00588C61 /* Main.storyboard */; };
		2506808E1A7AC0ED00588C61 /* Images.xcassets in Resources */ = {isa = PBXBuildFile; fileRef = 2506808D1A7AC0ED00588C61 /* Images.xcassets */; };
		250680911A7AC0ED00588C61 /* LaunchScreen.xib in Resources */ = {isa = PBXBuildFile; fileRef = 2506808F1A7AC0ED00588C61 /* LaunchScreen.xib */; };
		2506809D1A7AC0ED00588C61 /* Jam01Tests.m in Sources */ = {isa = PBXBuildFile; fileRef = 2506809C1A7AC0ED00588C61 /* Jam01Tests.m */; };
		250680A71A7AC10E00588C61 /* UIKit.framework in Frameworks */ = {isa = PBXBuildFile; fileRef = 250680A61A7AC10E00588C61 /* UIKit.framework */; };
		250680A91A7AC11400588C61 /* CoreGraphics.framework in Frameworks */ = {isa = PBXBuildFile; fileRef = 250680A81A7AC11400588C61 /* CoreGraphics.framework */; };
		250680AB1A7AC11800588C61 /* Foundation.framework in Frameworks */ = {isa = PBXBuildFile; fileRef = 250680AA1A7AC11800588C61 /* Foundation.framework */; };
		250680B41A7AC15900588C61 /* RPSlidingMenuCell.m in Sources */ = {isa = PBXBuildFile; fileRef = 250680AF1A7AC15900588C61 /* RPSlidingMenuCell.m */; };
		250680B51A7AC15900588C61 /* RPSlidingMenuLayout.m in Sources */ = {isa = PBXBuildFile; fileRef = 250680B11A7AC15900588C61 /* RPSlidingMenuLayout.m */; };
		250680B61A7AC15900588C61 /* RPSlidingMenuViewController.m in Sources */ = {isa = PBXBuildFile; fileRef = 250680B31A7AC15900588C61 /* RPSlidingMenuViewController.m */; };
		250680BA1A7AC1AE00588C61 /* EBCardCollectionViewLayout.m in Sources */ = {isa = PBXBuildFile; fileRef = 250680B91A7AC1AE00588C61 /* EBCardCollectionViewLayout.m */; };
		250680BD1A7AC27800588C61 /* image1_320x210.png in Resources */ = {isa = PBXBuildFile; fileRef = 250680BB1A7AC27800588C61 /* image1_320x210.png */; };
		250680BE1A7AC27800588C61 /* image2_320x210.png in Resources */ = {isa = PBXBuildFile; fileRef = 250680BC1A7AC27800588C61 /* image2_320x210.png */; };
		250680C01A7AC27E00588C61 /* JixianMa.JPG in Resources */ = {isa = PBXBuildFile; fileRef = 250680BF1A7AC27E00588C61 /* JixianMa.JPG */; };
		250680C51A7AC28600588C61 /* social-facebook-outline.png in Resources */ = {isa = PBXBuildFile; fileRef = 250680C11A7AC28600588C61 /* social-facebook-outline.png */; };
		250680C61A7AC28600588C61 /* social-googleplus-outline.png in Resources */ = {isa = PBXBuildFile; fileRef = 250680C21A7AC28600588C61 /* social-googleplus-outline.png */; };
		250680C71A7AC28600588C61 /* social-instagram-outline.png in Resources */ = {isa = PBXBuildFile; fileRef = 250680C31A7AC28600588C61 /* social-instagram-outline.png */; };
		250680C81A7AC28600588C61 /* social-twitter-outline.png in Resources */ = {isa = PBXBuildFile; fileRef = 250680C41A7AC28600588C61 /* social-twitter-outline.png */; };
		250680D21A7AC35C00588C61 /* ObjectInfo.m in Sources */ = {isa = PBXBuildFile; fileRef = 250680D11A7AC35C00588C61 /* ObjectInfo.m */; };
		250680E31A7ACEBF00588C61 /* PeopleViewController.m in Sources */ = {isa = PBXBuildFile; fileRef = 250680E21A7ACEBF00588C61 /* PeopleViewController.m */; };
		250680E61A7AD0C700588C61 /* FoodInfo.m in Sources */ = {isa = PBXBuildFile; fileRef = 250680E51A7AD0C700588C61 /* FoodInfo.m */; };
		250680EF1A7AD1D600588C61 /* FoodNametagCollectionCell.m in Sources */ = {isa = PBXBuildFile; fileRef = 250680EE1A7AD1D600588C61 /* FoodNametagCollectionCell.m */; };
		250680F21A7AD1EE00588C61 /* FoodViewController.m in Sources */ = {isa = PBXBuildFile; fileRef = 250680F11A7AD1EE00588C61 /* FoodViewController.m */; };
		250680F71A7AF8AE00588C61 /* NameTagCollectionViewCell.m in Sources */ = {isa = PBXBuildFile; fileRef = 250680F41A7AF8AE00588C61 /* NameTagCollectionViewCell.m */; };
		250680FB1A7AFAAE00588C61 /* PersonInfo.m in Sources */ = {isa = PBXBuildFile; fileRef = 250680FA1A7AFAAE00588C61 /* PersonInfo.m */; };
		250680FD1A7B00A800588C61 /* foodMenuBG.jpg in Resources */ = {isa = PBXBuildFile; fileRef = 250680FC1A7B00A800588C61 /* foodMenuBG.jpg */; };
		250680FF1A7B021F00588C61 /* cheeseburger.jpg in Resources */ = {isa = PBXBuildFile; fileRef = 250680FE1A7B021F00588C61 /* cheeseburger.jpg */; };
		250681011A7B02A300588C61 /* chickensandwich.jpg in Resources */ = {isa = PBXBuildFile; fileRef = 250681001A7B02A300588C61 /* chickensandwich.jpg */; };
		250681031A7B02DA00588C61 /* bigmac.jpg in Resources */ = {isa = PBXBuildFile; fileRef = 250681021A7B02DA00588C61 /* bigmac.jpg */; };
		250681061A7B037400588C61 /* 2.JPG in Resources */ = {isa = PBXBuildFile; fileRef = 250681041A7B037400588C61 /* 2.JPG */; };
		250681071A7B037400588C61 /* 3.JPG in Resources */ = {isa = PBXBuildFile; fileRef = 250681051A7B037400588C61 /* 3.JPG */; };
/* End PBXBuildFile section */

/* Begin PBXContainerItemProxy section */
		250680971A7AC0ED00588C61 /* PBXContainerItemProxy */ = {
			isa = PBXContainerItemProxy;
			containerPortal = 250680721A7AC0ED00588C61 /* Project object */;
			proxyType = 1;
			remoteGlobalIDString = 250680791A7AC0ED00588C61;
			remoteInfo = Jam01;
		};
/* End PBXContainerItemProxy section */

/* Begin PBXFileReference section */
		2506807A1A7AC0ED00588C61 /* Jam01.app */ = {isa = PBXFileReference; explicitFileType = wrapper.application; includeInIndex = 0; path = Jam01.app; sourceTree = BUILT_PRODUCTS_DIR; };
		2506807E1A7AC0ED00588C61 /* Info.plist */ = {isa = PBXFileReference; lastKnownFileType = text.plist.xml; path = Info.plist; sourceTree = "<group>"; };
		2506807F1A7AC0ED00588C61 /* main.m */ = {isa = PBXFileReference; lastKnownFileType = sourcecode.c.objc; path = main.m; sourceTree = "<group>"; };
		250680811A7AC0ED00588C61 /* AppDelegate.h */ = {isa = PBXFileReference; lastKnownFileType = sourcecode.c.h; path = AppDelegate.h; sourceTree = "<group>"; };
		250680821A7AC0ED00588C61 /* AppDelegate.m */ = {isa = PBXFileReference; lastKnownFileType = sourcecode.c.objc; path = AppDelegate.m; sourceTree = "<group>"; };
		250680851A7AC0ED00588C61 /* Jam01.xcdatamodel */ = {isa = PBXFileReference; lastKnownFileType = wrapper.xcdatamodel; path = Jam01.xcdatamodel; sourceTree = "<group>"; };
		250680871A7AC0ED00588C61 /* ViewController.h */ = {isa = PBXFileReference; lastKnownFileType = sourcecode.c.h; path = ViewController.h; sourceTree = "<group>"; };
		250680881A7AC0ED00588C61 /* ViewController.m */ = {isa = PBXFileReference; lastKnownFileType = sourcecode.c.objc; path = ViewController.m; sourceTree = "<group>"; };
		2506808B1A7AC0ED00588C61 /* Base */ = {isa = PBXFileReference; lastKnownFileType = file.storyboard; name = Base; path = Base.lproj/Main.storyboard; sourceTree = "<group>"; };
		2506808D1A7AC0ED00588C61 /* Images.xcassets */ = {isa = PBXFileReference; lastKnownFileType = folder.assetcatalog; path = Images.xcassets; sourceTree = "<group>"; };
		250680901A7AC0ED00588C61 /* Base */ = {isa = PBXFileReference; lastKnownFileType = file.xib; name = Base; path = Base.lproj/LaunchScreen.xib; sourceTree = "<group>"; };
		250680961A7AC0ED00588C61 /* Jam01Tests.xctest */ = {isa = PBXFileReference; explicitFileType = wrapper.cfbundle; includeInIndex = 0; path = Jam01Tests.xctest; sourceTree = BUILT_PRODUCTS_DIR; };
		2506809B1A7AC0ED00588C61 /* Info.plist */ = {isa = PBXFileReference; lastKnownFileType = text.plist.xml; path = Info.plist; sourceTree = "<group>"; };
		2506809C1A7AC0ED00588C61 /* Jam01Tests.m */ = {isa = PBXFileReference; lastKnownFileType = sourcecode.c.objc; path = Jam01Tests.m; sourceTree = "<group>"; };
		250680A61A7AC10E00588C61 /* UIKit.framework */ = {isa = PBXFileReference; lastKnownFileType = wrapper.framework; name = UIKit.framework; path = System/Library/Frameworks/UIKit.framework; sourceTree = SDKROOT; };
		250680A81A7AC11400588C61 /* CoreGraphics.framework */ = {isa = PBXFileReference; lastKnownFileType = wrapper.framework; name = CoreGraphics.framework; path = System/Library/Frameworks/CoreGraphics.framework; sourceTree = SDKROOT; };
		250680AA1A7AC11800588C61 /* Foundation.framework */ = {isa = PBXFileReference; lastKnownFileType = wrapper.framework; name = Foundation.framework; path = System/Library/Frameworks/Foundation.framework; sourceTree = SDKROOT; };
		250680AD1A7AC15900588C61 /* RPSlidingMenu.h */ = {isa = PBXFileReference; fileEncoding = 4; lastKnownFileType = sourcecode.c.h; path = RPSlidingMenu.h; sourceTree = "<group>"; };
		250680AE1A7AC15900588C61 /* RPSlidingMenuCell.h */ = {isa = PBXFileReference; fileEncoding = 4; lastKnownFileType = sourcecode.c.h; path = RPSlidingMenuCell.h; sourceTree = "<group>"; };
		250680AF1A7AC15900588C61 /* RPSlidingMenuCell.m */ = {isa = PBXFileReference; fileEncoding = 4; lastKnownFileType = sourcecode.c.objc; path = RPSlidingMenuCell.m; sourceTree = "<group>"; };
		250680B01A7AC15900588C61 /* RPSlidingMenuLayout.h */ = {isa = PBXFileReference; fileEncoding = 4; lastKnownFileType = sourcecode.c.h; path = RPSlidingMenuLayout.h; sourceTree = "<group>"; };
		250680B11A7AC15900588C61 /* RPSlidingMenuLayout.m */ = {isa = PBXFileReference; fileEncoding = 4; lastKnownFileType = sourcecode.c.objc; path = RPSlidingMenuLayout.m; sourceTree = "<group>"; };
		250680B21A7AC15900588C61 /* RPSlidingMenuViewController.h */ = {isa = PBXFileReference; fileEncoding = 4; lastKnownFileType = sourcecode.c.h; path = RPSlidingMenuViewController.h; sourceTree = "<group>"; };
		250680B31A7AC15900588C61 /* RPSlidingMenuViewController.m */ = {isa = PBXFileReference; fileEncoding = 4; lastKnownFileType = sourcecode.c.objc; path = RPSlidingMenuViewController.m; sourceTree = "<group>"; };
		250680B81A7AC1AE00588C61 /* EBCardCollectionViewLayout.h */ = {isa = PBXFileReference; fileEncoding = 4; lastKnownFileType = sourcecode.c.h; path = EBCardCollectionViewLayout.h; sourceTree = "<group>"; };
		250680B91A7AC1AE00588C61 /* EBCardCollectionViewLayout.m */ = {isa = PBXFileReference; fileEncoding = 4; lastKnownFileType = sourcecode.c.objc; path = EBCardCollectionViewLayout.m; sourceTree = "<group>"; };
		250680BB1A7AC27800588C61 /* image1_320x210.png */ = {isa = PBXFileReference; lastKnownFileType = image.png; path = image1_320x210.png; sourceTree = "<group>"; };
		250680BC1A7AC27800588C61 /* image2_320x210.png */ = {isa = PBXFileReference; lastKnownFileType = image.png; path = image2_320x210.png; sourceTree = "<group>"; };
		250680BF1A7AC27E00588C61 /* JixianMa.JPG */ = {isa = PBXFileReference; lastKnownFileType = image.jpeg; path = JixianMa.JPG; sourceTree = "<group>"; };
		250680C11A7AC28600588C61 /* social-facebook-outline.png */ = {isa = PBXFileReference; lastKnownFileType = image.png; path = "social-facebook-outline.png"; sourceTree = "<group>"; };
		250680C21A7AC28600588C61 /* social-googleplus-outline.png */ = {isa = PBXFileReference; lastKnownFileType = image.png; path = "social-googleplus-outline.png"; sourceTree = "<group>"; };
		250680C31A7AC28600588C61 /* social-instagram-outline.png */ = {isa = PBXFileReference; lastKnownFileType = image.png; path = "social-instagram-outline.png"; sourceTree = "<group>"; };
		250680C41A7AC28600588C61 /* social-twitter-outline.png */ = {isa = PBXFileReference; lastKnownFileType = image.png; path = "social-twitter-outline.png"; sourceTree = "<group>"; };
		250680D01A7AC35C00588C61 /* ObjectInfo.h */ = {isa = PBXFileReference; fileEncoding = 4; lastKnownFileType = sourcecode.c.h; path = ObjectInfo.h; sourceTree = "<group>"; };
		250680D11A7AC35C00588C61 /* ObjectInfo.m */ = {isa = PBXFileReference; fileEncoding = 4; lastKnownFileType = sourcecode.c.objc; path = ObjectInfo.m; sourceTree = "<group>"; };
		250680E11A7ACEBF00588C61 /* PeopleViewController.h */ = {isa = PBXFileReference; fileEncoding = 4; lastKnownFileType = sourcecode.c.h; path = PeopleViewController.h; sourceTree = "<group>"; };
		250680E21A7ACEBF00588C61 /* PeopleViewController.m */ = {isa = PBXFileReference; fileEncoding = 4; lastKnownFileType = sourcecode.c.objc; path = PeopleViewController.m; sourceTree = "<group>"; };
		250680E41A7AD0C700588C61 /* FoodInfo.h */ = {isa = PBXFileReference; fileEncoding = 4; lastKnownFileType = sourcecode.c.h; path = FoodInfo.h; sourceTree = "<group>"; };
		250680E51A7AD0C700588C61 /* FoodInfo.m */ = {isa = PBXFileReference; fileEncoding = 4; lastKnownFileType = sourcecode.c.objc; path = FoodInfo.m; sourceTree = "<group>"; };
		250680ED1A7AD1D600588C61 /* FoodNametagCollectionCell.h */ = {isa = PBXFileReference; fileEncoding = 4; lastKnownFileType = sourcecode.c.h; path = FoodNametagCollectionCell.h; sourceTree = "<group>"; };
		250680EE1A7AD1D600588C61 /* FoodNametagCollectionCell.m */ = {isa = PBXFileReference; fileEncoding = 4; lastKnownFileType = sourcecode.c.objc; path = FoodNametagCollectionCell.m; sourceTree = "<group>"; };
		250680F01A7AD1EE00588C61 /* FoodViewController.h */ = {isa = PBXFileReference; fileEncoding = 4; lastKnownFileType = sourcecode.c.h; path = FoodViewController.h; sourceTree = "<group>"; };
		250680F11A7AD1EE00588C61 /* FoodViewController.m */ = {isa = PBXFileReference; fileEncoding = 4; lastKnownFileType = sourcecode.c.objc; path = FoodViewController.m; sourceTree = "<group>"; };
		250680F31A7AF8AE00588C61 /* NameTagCollectionViewCell.h */ = {isa = PBXFileReference; fileEncoding = 4; lastKnownFileType = sourcecode.c.h; path = NameTagCollectionViewCell.h; sourceTree = "<group>"; };
		250680F41A7AF8AE00588C61 /* NameTagCollectionViewCell.m */ = {isa = PBXFileReference; fileEncoding = 4; lastKnownFileType = sourcecode.c.objc; path = NameTagCollectionViewCell.m; sourceTree = "<group>"; };
		250680F91A7AFAAE00588C61 /* PersonInfo.h */ = {isa = PBXFileReference; fileEncoding = 4; lastKnownFileType = sourcecode.c.h; path = PersonInfo.h; sourceTree = "<group>"; };
		250680FA1A7AFAAE00588C61 /* PersonInfo.m */ = {isa = PBXFileReference; fileEncoding = 4; lastKnownFileType = sourcecode.c.objc; path = PersonInfo.m; sourceTree = "<group>"; };
		250680FC1A7B00A800588C61 /* foodMenuBG.jpg */ = {isa = PBXFileReference; lastKnownFileType = image.jpeg; path = foodMenuBG.jpg; sourceTree = "<group>"; };
		250680FE1A7B021F00588C61 /* cheeseburger.jpg */ = {isa = PBXFileReference; lastKnownFileType = image.jpeg; path = cheeseburger.jpg; sourceTree = "<group>"; };
		250681001A7B02A300588C61 /* chickensandwich.jpg */ = {isa = PBXFileReference; lastKnownFileType = image.jpeg; path = chickensandwich.jpg; sourceTree = "<group>"; };
		250681021A7B02DA00588C61 /* bigmac.jpg */ = {isa = PBXFileReference; lastKnownFileType = image.jpeg; path = bigmac.jpg; sourceTree = "<group>"; };
		250681041A7B037400588C61 /* 2.JPG */ = {isa = PBXFileReference; lastKnownFileType = image.jpeg; path = 2.JPG; sourceTree = "<group>"; };
		250681051A7B037400588C61 /* 3.JPG */ = {isa = PBXFileReference; lastKnownFileType = image.jpeg; path = 3.JPG; sourceTree = "<group>"; };
/* End PBXFileReference section */

/* Begin PBXFrameworksBuildPhase section */
		250680771A7AC0ED00588C61 /* Frameworks */ = {
			isa = PBXFrameworksBuildPhase;
			buildActionMask = 2147483647;
			files = (
				250680AB1A7AC11800588C61 /* Foundation.framework in Frameworks */,
				250680A91A7AC11400588C61 /* CoreGraphics.framework in Frameworks */,
				250680A71A7AC10E00588C61 /* UIKit.framework in Frameworks */,
			);
			runOnlyForDeploymentPostprocessing = 0;
		};
		250680931A7AC0ED00588C61 /* Frameworks */ = {
			isa = PBXFrameworksBuildPhase;
			buildActionMask = 2147483647;
			files = (
			);
			runOnlyForDeploymentPostprocessing = 0;
		};
/* End PBXFrameworksBuildPhase section */

/* Begin PBXGroup section */
		250680711A7AC0ED00588C61 = {
			isa = PBXGroup;
			children = (
				250680AA1A7AC11800588C61 /* Foundation.framework */,
				250680A81A7AC11400588C61 /* CoreGraphics.framework */,
				250680A61A7AC10E00588C61 /* UIKit.framework */,
				2506807C1A7AC0ED00588C61 /* Jam01 */,
				250680991A7AC0ED00588C61 /* Jam01Tests */,
				2506807B1A7AC0ED00588C61 /* Products */,
			);
			sourceTree = "<group>";
		};
		2506807B1A7AC0ED00588C61 /* Products */ = {
			isa = PBXGroup;
			children = (
				2506807A1A7AC0ED00588C61 /* Jam01.app */,
				250680961A7AC0ED00588C61 /* Jam01Tests.xctest */,
			);
			name = Products;
			sourceTree = "<group>";
		};
		2506807C1A7AC0ED00588C61 /* Jam01 */ = {
			isa = PBXGroup;
			children = (
				250680D31A7AC77700588C61 /* FoodView */,
				250680C91A7AC2B400588C61 /* PeopleView */,
				250680811A7AC0ED00588C61 /* AppDelegate.h */,
				250680821A7AC0ED00588C61 /* AppDelegate.m */,
				250680871A7AC0ED00588C61 /* ViewController.h */,
				250680881A7AC0ED00588C61 /* ViewController.m */,
				2506808A1A7AC0ED00588C61 /* Main.storyboard */,
				250680D71A7AC84200588C61 /* Model */,
				2506808D1A7AC0ED00588C61 /* Images.xcassets */,
				2506808F1A7AC0ED00588C61 /* LaunchScreen.xib */,
				250680841A7AC0ED00588C61 /* Jam01.xcdatamodeld */,
				2506807D1A7AC0ED00588C61 /* Supporting Files */,
			);
			path = Jam01;
			sourceTree = "<group>";
		};
		2506807D1A7AC0ED00588C61 /* Supporting Files */ = {
			isa = PBXGroup;
			children = (
				250680BF1A7AC27E00588C61 /* JixianMa.JPG */,
				250681041A7B037400588C61 /* 2.JPG */,
				250681051A7B037400588C61 /* 3.JPG */,
				250681021A7B02DA00588C61 /* bigmac.jpg */,
				250681001A7B02A300588C61 /* chickensandwich.jpg */,
				250680FE1A7B021F00588C61 /* cheeseburger.jpg */,
				250680FC1A7B00A800588C61 /* foodMenuBG.jpg */,
				250680C11A7AC28600588C61 /* social-facebook-outline.png */,
				250680C21A7AC28600588C61 /* social-googleplus-outline.png */,
				250680C31A7AC28600588C61 /* social-instagram-outline.png */,
				250680C41A7AC28600588C61 /* social-twitter-outline.png */,
				250680BB1A7AC27800588C61 /* image1_320x210.png */,
				250680BC1A7AC27800588C61 /* image2_320x210.png */,
				250680B71A7AC1AE00588C61 /* EBCardView */,
				250680AC1A7AC15900588C61 /* RPSlidingMenu */,
				2506807E1A7AC0ED00588C61 /* Info.plist */,
				2506807F1A7AC0ED00588C61 /* main.m */,
			);
			name = "Supporting Files";
			sourceTree = "<group>";
		};
		250680991A7AC0ED00588C61 /* Jam01Tests */ = {
			isa = PBXGroup;
			children = (
				2506809C1A7AC0ED00588C61 /* Jam01Tests.m */,
				2506809A1A7AC0ED00588C61 /* Supporting Files */,
			);
			path = Jam01Tests;
			sourceTree = "<group>";
		};
		2506809A1A7AC0ED00588C61 /* Supporting Files */ = {
			isa = PBXGroup;
			children = (
				2506809B1A7AC0ED00588C61 /* Info.plist */,
			);
			name = "Supporting Files";
			sourceTree = "<group>";
		};
		250680AC1A7AC15900588C61 /* RPSlidingMenu */ = {
			isa = PBXGroup;
			children = (
				250680AD1A7AC15900588C61 /* RPSlidingMenu.h */,
				250680AE1A7AC15900588C61 /* RPSlidingMenuCell.h */,
				250680AF1A7AC15900588C61 /* RPSlidingMenuCell.m */,
				250680B01A7AC15900588C61 /* RPSlidingMenuLayout.h */,
				250680B11A7AC15900588C61 /* RPSlidingMenuLayout.m */,
				250680B21A7AC15900588C61 /* RPSlidingMenuViewController.h */,
				250680B31A7AC15900588C61 /* RPSlidingMenuViewController.m */,
			);
			path = RPSlidingMenu;
			sourceTree = "<group>";
		};
		250680B71A7AC1AE00588C61 /* EBCardView */ = {
			isa = PBXGroup;
			children = (
				250680B81A7AC1AE00588C61 /* EBCardCollectionViewLayout.h */,
				250680B91A7AC1AE00588C61 /* EBCardCollectionViewLayout.m */,
			);
			path = EBCardView;
			sourceTree = "<group>";
		};
		250680C91A7AC2B400588C61 /* PeopleView */ = {
			isa = PBXGroup;
			children = (
				250680F91A7AFAAE00588C61 /* PersonInfo.h */,
				250680FA1A7AFAAE00588C61 /* PersonInfo.m */,
				250680F31A7AF8AE00588C61 /* NameTagCollectionViewCell.h */,
				250680F41A7AF8AE00588C61 /* NameTagCollectionViewCell.m */,
				250680E11A7ACEBF00588C61 /* PeopleViewController.h */,
				250680E21A7ACEBF00588C61 /* PeopleViewController.m */,
			);
			name = PeopleView;
			path = ..;
			sourceTree = "<group>";
		};
		250680D31A7AC77700588C61 /* FoodView */ = {
			isa = PBXGroup;
			children = (
				250680E41A7AD0C700588C61 /* FoodInfo.h */,
				250680E51A7AD0C700588C61 /* FoodInfo.m */,
				250680ED1A7AD1D600588C61 /* FoodNametagCollectionCell.h */,
				250680EE1A7AD1D600588C61 /* FoodNametagCollectionCell.m */,
				250680F01A7AD1EE00588C61 /* FoodViewController.h */,
				250680F11A7AD1EE00588C61 /* FoodViewController.m */,
			);
			name = FoodView;
			sourceTree = "<group>";
		};
		250680D71A7AC84200588C61 /* Model */ = {
			isa = PBXGroup;
			children = (
				250680D01A7AC35C00588C61 /* ObjectInfo.h */,
				250680D11A7AC35C00588C61 /* ObjectInfo.m */,
			);
			name = Model;
			path = ..;
			sourceTree = "<group>";
		};
/* End PBXGroup section */

/* Begin PBXNativeTarget section */
		250680791A7AC0ED00588C61 /* Jam01 */ = {
			isa = PBXNativeTarget;
			buildConfigurationList = 250680A01A7AC0ED00588C61 /* Build configuration list for PBXNativeTarget "Jam01" */;
			buildPhases = (
				250680761A7AC0ED00588C61 /* Sources */,
				250680771A7AC0ED00588C61 /* Frameworks */,
				250680781A7AC0ED00588C61 /* Resources */,
			);
			buildRules = (
			);
			dependencies = (
			);
			name = Jam01;
			productName = Jam01;
			productReference = 2506807A1A7AC0ED00588C61 /* Jam01.app */;
			productType = "com.apple.product-type.application";
		};
		250680951A7AC0ED00588C61 /* Jam01Tests */ = {
			isa = PBXNativeTarget;
			buildConfigurationList = 250680A31A7AC0ED00588C61 /* Build configuration list for PBXNativeTarget "Jam01Tests" */;
			buildPhases = (
				250680921A7AC0ED00588C61 /* Sources */,
				250680931A7AC0ED00588C61 /* Frameworks */,
				250680941A7AC0ED00588C61 /* Resources */,
			);
			buildRules = (
			);
			dependencies = (
				250680981A7AC0ED00588C61 /* PBXTargetDependency */,
			);
			name = Jam01Tests;
			productName = Jam01Tests;
			productReference = 250680961A7AC0ED00588C61 /* Jam01Tests.xctest */;
			productType = "com.apple.product-type.bundle.unit-test";
		};
/* End PBXNativeTarget section */

/* Begin PBXProject section */
		250680721A7AC0ED00588C61 /* Project object */ = {
			isa = PBXProject;
			attributes = {
				LastUpgradeCheck = 0610;
				ORGANIZATIONNAME = MaJixian;
				TargetAttributes = {
					250680791A7AC0ED00588C61 = {
						CreatedOnToolsVersion = 6.1.1;
					};
					250680951A7AC0ED00588C61 = {
						CreatedOnToolsVersion = 6.1.1;
						TestTargetID = 250680791A7AC0ED00588C61;
					};
				};
			};
			buildConfigurationList = 250680751A7AC0ED00588C61 /* Build configuration list for PBXProject "Jam01" */;
			compatibilityVersion = "Xcode 3.2";
			developmentRegion = English;
			hasScannedForEncodings = 0;
			knownRegions = (
				en,
				Base,
			);
			mainGroup = 250680711A7AC0ED00588C61;
			productRefGroup = 2506807B1A7AC0ED00588C61 /* Products */;
			projectDirPath = "";
			projectRoot = "";
			targets = (
				250680791A7AC0ED00588C61 /* Jam01 */,
				250680951A7AC0ED00588C61 /* Jam01Tests */,
			);
		};
/* End PBXProject section */

/* Begin PBXResourcesBuildPhase section */
		250680781A7AC0ED00588C61 /* Resources */ = {
			isa = PBXResourcesBuildPhase;
			buildActionMask = 2147483647;
			files = (
				250681061A7B037400588C61 /* 2.JPG in Resources */,
				250680C01A7AC27E00588C61 /* JixianMa.JPG in Resources */,
				250680C81A7AC28600588C61 /* social-twitter-outline.png in Resources */,
				250681031A7B02DA00588C61 /* bigmac.jpg in Resources */,
				250680BD1A7AC27800588C61 /* image1_320x210.png in Resources */,
				250680FF1A7B021F00588C61 /* cheeseburger.jpg in Resources */,
				250680C71A7AC28600588C61 /* social-instagram-outline.png in Resources */,
				250681071A7B037400588C61 /* 3.JPG in Resources */,
				250681011A7B02A300588C61 /* chickensandwich.jpg in Resources */,
				2506808C1A7AC0ED00588C61 /* Main.storyboard in Resources */,
				250680BE1A7AC27800588C61 /* image2_320x210.png in Resources */,
				250680911A7AC0ED00588C61 /* LaunchScreen.xib in Resources */,
				2506808E1A7AC0ED00588C61 /* Images.xcassets in Resources */,
				250680C61A7AC28600588C61 /* social-googleplus-outline.png in Resources */,
				250680FD1A7B00A800588C61 /* foodMenuBG.jpg in Resources */,
				250680C51A7AC28600588C61 /* social-facebook-outline.png in Resources */,
			);
			runOnlyForDeploymentPostprocessing = 0;
		};
		250680941A7AC0ED00588C61 /* Resources */ = {
			isa = PBXResourcesBuildPhase;
			buildActionMask = 2147483647;
			files = (
			);
			runOnlyForDeploymentPostprocessing = 0;
		};
/* End PBXResourcesBuildPhase section */

/* Begin PBXSourcesBuildPhase section */
		250680761A7AC0ED00588C61 /* Sources */ = {
			isa = PBXSourcesBuildPhase;
			buildActionMask = 2147483647;
			files = (
				250680E31A7ACEBF00588C61 /* PeopleViewController.m in Sources */,
				250680831A7AC0ED00588C61 /* AppDelegate.m in Sources */,
				250680801A7AC0ED00588C61 /* main.m in Sources */,
				250680FB1A7AFAAE00588C61 /* PersonInfo.m in Sources */,
				250680891A7AC0ED00588C61 /* ViewController.m in Sources */,
				250680F21A7AD1EE00588C61 /* FoodViewController.m in Sources */,
				250680B61A7AC15900588C61 /* RPSlidingMenuViewController.m in Sources */,
				250680EF1A7AD1D600588C61 /* FoodNametagCollectionCell.m in Sources */,
				250680B51A7AC15900588C61 /* RPSlidingMenuLayout.m in Sources */,
				250680F71A7AF8AE00588C61 /* NameTagCollectionViewCell.m in Sources */,
				250680D21A7AC35C00588C61 /* ObjectInfo.m in Sources */,
				250680E61A7AD0C700588C61 /* FoodInfo.m in Sources */,
				250680BA1A7AC1AE00588C61 /* EBCardCollectionViewLayout.m in Sources */,
				250680B41A7AC15900588C61 /* RPSlidingMenuCell.m in Sources */,
				250680861A7AC0ED00588C61 /* Jam01.xcdatamodeld in Sources */,
			);
			runOnlyForDeploymentPostprocessing = 0;
		};
		250680921A7AC0ED00588C61 /* Sources */ = {
			isa = PBXSourcesBuildPhase;
			buildActionMask = 2147483647;
			files = (
				2506809D1A7AC0ED00588C61 /* Jam01Tests.m in Sources */,
			);
			runOnlyForDeploymentPostprocessing = 0;
		};
/* End PBXSourcesBuildPhase section */

/* Begin PBXTargetDependency section */
		250680981A7AC0ED00588C61 /* PBXTargetDependency */ = {
			isa = PBXTargetDependency;
			target = 250680791A7AC0ED00588C61 /* Jam01 */;
			targetProxy = 250680971A7AC0ED00588C61 /* PBXContainerItemProxy */;
		};
/* End PBXTargetDependency section */

/* Begin PBXVariantGroup section */
		2506808A1A7AC0ED00588C61 /* Main.storyboard */ = {
			isa = PBXVariantGroup;
			children = (
				2506808B1A7AC0ED00588C61 /* Base */,
			);
			name = Main.storyboard;
			sourceTree = "<group>";
		};
		2506808F1A7AC0ED00588C61 /* LaunchScreen.xib */ = {
			isa = PBXVariantGroup;
			children = (
				250680901A7AC0ED00588C61 /* Base */,
			);
			name = LaunchScreen.xib;
			sourceTree = "<group>";
		};
/* End PBXVariantGroup section */

/* Begin XCBuildConfiguration section */
		2506809E1A7AC0ED00588C61 /* Debug */ = {
			isa = XCBuildConfiguration;
			buildSettings = {
				ALWAYS_SEARCH_USER_PATHS = NO;
				CLANG_CXX_LANGUAGE_STANDARD = "gnu++0x";
				CLANG_CXX_LIBRARY = "libc++";
				CLANG_ENABLE_MODULES = YES;
				CLANG_ENABLE_OBJC_ARC = YES;
				CLANG_WARN_BOOL_CONVERSION = YES;
				CLANG_WARN_CONSTANT_CONVERSION = YES;
				CLANG_WARN_DIRECT_OBJC_ISA_USAGE = YES_ERROR;
				CLANG_WARN_EMPTY_BODY = YES;
				CLANG_WARN_ENUM_CONVERSION = YES;
				CLANG_WARN_INT_CONVERSION = YES;
				CLANG_WARN_OBJC_ROOT_CLASS = YES_ERROR;
				CLANG_WARN_UNREACHABLE_CODE = YES;
				CLANG_WARN__DUPLICATE_METHOD_MATCH = YES;
				"CODE_SIGN_IDENTITY[sdk=iphoneos*]" = "iPhone Developer";
				COPY_PHASE_STRIP = NO;
				ENABLE_STRICT_OBJC_MSGSEND = YES;
				GCC_C_LANGUAGE_STANDARD = gnu99;
				GCC_DYNAMIC_NO_PIC = NO;
				GCC_OPTIMIZATION_LEVEL = 0;
				GCC_PREPROCESSOR_DEFINITIONS = (
					"DEBUG=1",
					"$(inherited)",
				);
				GCC_SYMBOLS_PRIVATE_EXTERN = NO;
				GCC_WARN_64_TO_32_BIT_CONVERSION = YES;
				GCC_WARN_ABOUT_RETURN_TYPE = YES_ERROR;
				GCC_WARN_UNDECLARED_SELECTOR = YES;
				GCC_WARN_UNINITIALIZED_AUTOS = YES_AGGRESSIVE;
				GCC_WARN_UNUSED_FUNCTION = YES;
				GCC_WARN_UNUSED_VARIABLE = YES;
				IPHONEOS_DEPLOYMENT_TARGET = 8.1;
				MTL_ENABLE_DEBUG_INFO = YES;
				ONLY_ACTIVE_ARCH = YES;
				SDKROOT = iphoneos;
			};
			name = Debug;
		};
		2506809F1A7AC0ED00588C61 /* Release */ = {
			isa = XCBuildConfiguration;
			buildSettings = {
				ALWAYS_SEARCH_USER_PATHS = NO;
				CLANG_CXX_LANGUAGE_STANDARD = "gnu++0x";
				CLANG_CXX_LIBRARY = "libc++";
				CLANG_ENABLE_MODULES = YES;
				CLANG_ENABLE_OBJC_ARC = YES;
				CLANG_WARN_BOOL_CONVERSION = YES;
				CLANG_WARN_CONSTANT_CONVERSION = YES;
				CLANG_WARN_DIRECT_OBJC_ISA_USAGE = YES_ERROR;
				CLANG_WARN_EMPTY_BODY = YES;
				CLANG_WARN_ENUM_CONVERSION = YES;
				CLANG_WARN_INT_CONVERSION = YES;
				CLANG_WARN_OBJC_ROOT_CLASS = YES_ERROR;
				CLANG_WARN_UNREACHABLE_CODE = YES;
				CLANG_WARN__DUPLICATE_METHOD_MATCH = YES;
				"CODE_SIGN_IDENTITY[sdk=iphoneos*]" = "iPhone Developer";
				COPY_PHASE_STRIP = YES;
				ENABLE_NS_ASSERTIONS = NO;
				ENABLE_STRICT_OBJC_MSGSEND = YES;
				GCC_C_LANGUAGE_STANDARD = gnu99;
				GCC_WARN_64_TO_32_BIT_CONVERSION = YES;
				GCC_WARN_ABOUT_RETURN_TYPE = YES_ERROR;
				GCC_WARN_UNDECLARED_SELECTOR = YES;
				GCC_WARN_UNINITIALIZED_AUTOS = YES_AGGRESSIVE;
				GCC_WARN_UNUSED_FUNCTION = YES;
				GCC_WARN_UNUSED_VARIABLE = YES;
				IPHONEOS_DEPLOYMENT_TARGET = 8.1;
				MTL_ENABLE_DEBUG_INFO = NO;
				SDKROOT = iphoneos;
				VALIDATE_PRODUCT = YES;
			};
			name = Release;
		};
		250680A11A7AC0ED00588C61 /* Debug */ = {
			isa = XCBuildConfiguration;
			buildSettings = {
				ASSETCATALOG_COMPILER_APPICON_NAME = AppIcon;
				INFOPLIST_FILE = Jam01/Info.plist;
				LD_RUNPATH_SEARCH_PATHS = "$(inherited) @executable_path/Frameworks";
				PRODUCT_NAME = "$(TARGET_NAME)";
			};
			name = Debug;
		};
		250680A21A7AC0ED00588C61 /* Release */ = {
			isa = XCBuildConfiguration;
			buildSettings = {
				ASSETCATALOG_COMPILER_APPICON_NAME = AppIcon;
				INFOPLIST_FILE = Jam01/Info.plist;
				LD_RUNPATH_SEARCH_PATHS = "$(inherited) @executable_path/Frameworks";
				PRODUCT_NAME = "$(TARGET_NAME)";
			};
			name = Release;
		};
		250680A41A7AC0ED00588C61 /* Debug */ = {
			isa = XCBuildConfiguration;
			buildSettings = {
				BUNDLE_LOADER = "$(TEST_HOST)";
				FRAMEWORK_SEARCH_PATHS = (
					"$(SDKROOT)/Developer/Library/Frameworks",
					"$(inherited)",
				);
				GCC_PREPROCESSOR_DEFINITIONS = (
					"DEBUG=1",
					"$(inherited)",
				);
				INFOPLIST_FILE = Jam01Tests/Info.plist;
				LD_RUNPATH_SEARCH_PATHS = "$(inherited) @executable_path/Frameworks @loader_path/Frameworks";
				PRODUCT_NAME = "$(TARGET_NAME)";
				TEST_HOST = "$(BUILT_PRODUCTS_DIR)/Jam01.app/Jam01";
			};
			name = Debug;
		};
		250680A51A7AC0ED00588C61 /* Release */ = {
			isa = XCBuildConfiguration;
			buildSettings = {
				BUNDLE_LOADER = "$(TEST_HOST)";
				FRAMEWORK_SEARCH_PATHS = (
					"$(SDKROOT)/Developer/Library/Frameworks",
					"$(inherited)",
				);
				INFOPLIST_FILE = Jam01Tests/Info.plist;
				LD_RUNPATH_SEARCH_PATHS = "$(inherited) @executable_path/Frameworks @loader_path/Frameworks";
				PRODUCT_NAME = "$(TARGET_NAME)";
				TEST_HOST = "$(BUILT_PRODUCTS_DIR)/Jam01.app/Jam01";
			};
			name = Release;
		};
/* End XCBuildConfiguration section */

/* Begin XCConfigurationList section */
		250680751A7AC0ED00588C61 /* Build configuration list for PBXProject "Jam01" */ = {
			isa = XCConfigurationList;
			buildConfigurations = (
				2506809E1A7AC0ED00588C61 /* Debug */,
				2506809F1A7AC0ED00588C61 /* Release */,
			);
			defaultConfigurationIsVisible = 0;
			defaultConfigurationName = Release;
		};
		250680A01A7AC0ED00588C61 /* Build configuration list for PBXNativeTarget "Jam01" */ = {
			isa = XCConfigurationList;
			buildConfigurations = (
				250680A11A7AC0ED00588C61 /* Debug */,
				250680A21A7AC0ED00588C61 /* Release */,
			);
			defaultConfigurationIsVisible = 0;
			defaultConfigurationName = Release;
		};
		250680A31A7AC0ED00588C61 /* Build configuration list for PBXNativeTarget "Jam01Tests" */ = {
			isa = XCConfigurationList;
			buildConfigurations = (
				250680A41A7AC0ED00588C61 /* Debug */,
				250680A51A7AC0ED00588C61 /* Release */,
			);
			defaultConfigurationIsVisible = 0;
			defaultConfigurationName = Release;
		};
/* End XCConfigurationList section */

/* Begin XCVersionGroup section */
		250680841A7AC0ED00588C61 /* Jam01.xcdatamodeld */ = {
			isa = XCVersionGroup;
			children = (
				250680851A7AC0ED00588C61 /* Jam01.xcdatamodel */,
			);
			currentVersion = 250680851A7AC0ED00588C61 /* Jam01.xcdatamodel */;
			path = Jam01.xcdatamodeld;
			sourceTree = "<group>";
			versionGroupType = wrapper.xcdatamodel;
		};
/* End XCVersionGroup section */
	};
	rootObject = 250680721A7AC0ED00588C61 /* Project object */;
}
